
Microsoft Visual Studio Solution File, Format Version 12.00
# Visual Studio Version 17
VisualStudioVersion = 17.3.32929.385
MinimumVisualStudioVersion = 10.0.40219.1
Project("{FAE04EC0-301F-11D3-BF4B-00C04F79EFBC}") = "Calculator", "Calculator\Calculator.csproj", "{2DF7BCAA-3AA1-4F89-8462-0012064E57D9}"
EndProject
Global
	GlobalSection(SolutionConfigurationPlatforms) = preSolution
		Debug|Any CPU = Debug|Any CPU
		Release|Any CPU = Release|Any CPU
	EndGlobalSection
	GlobalSection(ProjectConfigurationPlatforms) = postSolution
		{2DF7BCAA-3AA1-4F89-8462-0012064E57D9}.Debug|Any CPU.ActiveCfg = Debug|Any CPU
		{2DF7BCAA-3AA1-4F89-8462-0012064E57D9}.Debug|Any CPU.Build.0 = Debug|Any CPU
		{2DF7BCAA-3AA1-4F89-8462-0012064E57D9}.Release|Any CPU.ActiveCfg = Release|Any CPU
		{2DF7BCAA-3AA1-4F89-8462-0012064E57D9}.Release|Any CPU.Build.0 = Release|Any CPU
	EndGlobalSection
	GlobalSection(SolutionProperties) = preSolution
		HideSolutionNode = FALSE
	EndGlobalSection
	GlobalSection(ExtensibilityGlobals) = postSolution
		SolutionGuid = {F897556C-8C51-45C9-8A8E-8A45D1FA255F}
	EndGlobalSection
EndGlobal
